// !$*UTF8*$!
{
	archiveVersion = 1;
	classes = {
	};
	objectVersion = 50;
	objects = {

/* Begin PBXBuildFile section */
		1F4DB399246D4616008D58B6 /* AppDelegate.swift in Sources */ = {isa = PBXBuildFile; fileRef = 1F4DB398246D4616008D58B6 /* AppDelegate.swift */; };
		1F4DB39B246D4616008D58B6 /* SceneDelegate.swift in Sources */ = {isa = PBXBuildFile; fileRef = 1F4DB39A246D4616008D58B6 /* SceneDelegate.swift */; };
		1F4DB39D246D4616008D58B6 /* ViewController.swift in Sources */ = {isa = PBXBuildFile; fileRef = 1F4DB39C246D4616008D58B6 /* ViewController.swift */; };
		1F4DB3A0246D4616008D58B6 /* Main.storyboard in Resources */ = {isa = PBXBuildFile; fileRef = 1F4DB39E246D4616008D58B6 /* Main.storyboard */; };
		1F4DB3A2246D4617008D58B6 /* Assets.xcassets in Resources */ = {isa = PBXBuildFile; fileRef = 1F4DB3A1246D4617008D58B6 /* Assets.xcassets */; };
		1F4DB3A5246D4617008D58B6 /* LaunchScreen.storyboard in Resources */ = {isa = PBXBuildFile; fileRef = 1F4DB3A3246D4617008D58B6 /* LaunchScreen.storyboard */; };
		1F4DB3DB246D732C008D58B6 /* gu.png in Resources */ = {isa = PBXBuildFile; fileRef = 1F4DB3D8246D732C008D58B6 /* gu.png */; };
		1F4DB3DC246D732C008D58B6 /* pa.png in Resources */ = {isa = PBXBuildFile; fileRef = 1F4DB3D9246D732C008D58B6 /* pa.png */; };
		1F4DB3DD246D732C008D58B6 /* choki.png in Resources */ = {isa = PBXBuildFile; fileRef = 1F4DB3DA246D732C008D58B6 /* choki.png */; };
/* End PBXBuildFile section */

/* Begin PBXFileReference section */
		1F4DB395246D4616008D58B6 /* MyJanken.app */ = {isa = PBXFileReference; explicitFileType = wrapper.application; includeInIndex = 0; path = MyJanken.app; sourceTree = BUILT_PRODUCTS_DIR; };
		1F4DB398246D4616008D58B6 /* AppDelegate.swift */ = {isa = PBXFileReference; lastKnownFileType = sourcecode.swift; path = AppDelegate.swift; sourceTree = "<group>"; };
		1F4DB39A246D4616008D58B6 /* SceneDelegate.swift */ = {isa = PBXFileReference; lastKnownFileType = sourcecode.swift; path = SceneDelegate.swift; sourceTree = "<group>"; };
		1F4DB39C246D4616008D58B6 /* ViewController.swift */ = {isa = PBXFileReference; lastKnownFileType = sourcecode.swift; path = ViewController.swift; sourceTree = "<group>"; };
		1F4DB39F246D4616008D58B6 /* Base */ = {isa = PBXFileReference; lastKnownFileType = file.storyboard; name = Base; path = Base.lproj/Main.storyboard; sourceTree = "<group>"; };
		1F4DB3A1246D4617008D58B6 /* Assets.xcassets */ = {isa = PBXFileReference; lastKnownFileType = folder.assetcatalog; path = Assets.xcassets; sourceTree = "<group>"; };
		1F4DB3A4246D4617008D58B6 /* Base */ = {isa = PBXFileReference; lastKnownFileType = file.storyboard; name = Base; path = Base.lproj/LaunchScreen.storyboard; sourceTree = "<group>"; };
		1F4DB3A6246D4617008D58B6 /* Info.plist */ = {isa = PBXFileReference; lastKnownFileType = text.plist.xml; path = Info.plist; sourceTree = "<group>"; };
		1F4DB3D8246D732C008D58B6 /* gu.png */ = {isa = PBXFileReference; lastKnownFileType = image.png; path = gu.png; sourceTree = "<group>"; };
		1F4DB3D9246D732C008D58B6 /* pa.png */ = {isa = PBXFileReference; lastKnownFileType = image.png; path = pa.png; sourceTree = "<group>"; };
		1F4DB3DA246D732C008D58B6 /* choki.png */ = {isa = PBXFileReference; lastKnownFileType = image.png; path = choki.png; sourceTree = "<group>"; };
/* End PBXFileReference section */

/* Begin PBXFrameworksBuildPhase section */
		1F4DB392246D4616008D58B6 /* Frameworks */ = {
			isa = PBXFrameworksBuildPhase;
			buildActionMask = 2147483647;
			files = (
			);
			runOnlyForDeploymentPostprocessing = 0;
		};
/* End PBXFrameworksBuildPhase section */

/* Begin PBXGroup section */
		1F4DB38C246D4616008D58B6 = {
			isa = PBXGroup;
			children = (
				1F4DB397246D4616008D58B6 /* MyJanken */,
				1F4DB396246D4616008D58B6 /* Products */,
			);
			sourceTree = "<group>";
		};
		1F4DB396246D4616008D58B6 /* Products */ = {
			isa = PBXGroup;
			children = (
				1F4DB395246D4616008D58B6 /* MyJanken.app */,
			);
			name = Products;
			sourceTree = "<group>";
		};
		1F4DB397246D4616008D58B6 /* MyJanken */ = {
			isa = PBXGroup;
			children = (
				1F4DB398246D4616008D58B6 /* AppDelegate.swift */,
				1F4DB39A246D4616008D58B6 /* SceneDelegate.swift */,
				1F4DB39C246D4616008D58B6 /* ViewController.swift */,
				1F4DB39E246D4616008D58B6 /* Main.storyboard */,
				1F4DB3A1246D4617008D58B6 /* Assets.xcassets */,
				1F4DB3DA246D732C008D58B6 /* choki.png */,
				1F4DB3D8246D732C008D58B6 /* gu.png */,
				1F4DB3D9246D732C008D58B6 /* pa.png */,
				1F4DB3A3246D4617008D58B6 /* LaunchScreen.storyboard */,
				1F4DB3A6246D4617008D58B6 /* Info.plist */,
			);
			path = MyJanken;
			sourceTree = "<group>";
		};
/* End PBXGroup section */

/* Begin PBXNativeTarget section */
		1F4DB394246D4616008D58B6 /* MyJanken */ = {
			isa = PBXNativeTarget;
			buildConfigurationList = 1F4DB3A9246D4617008D58B6 /* Build configuration list for PBXNativeTarget "MyJanken" */;
			buildPhases = (
				1F4DB391246D4616008D58B6 /* Sources */,
				1F4DB392246D4616008D58B6 /* Frameworks */,
				1F4DB393246D4616008D58B6 /* Resources */,
			);
			buildRules = (
			);
			dependencies = (
			);
			name = MyJanken;
			productName = MyJanken;
			productReference = 1F4DB395246D4616008D58B6 /* MyJanken.app */;
			productType = "com.apple.product-type.application";
		};
/* End PBXNativeTarget section */

/* Begin PBXProject section */
		1F4DB38D246D4616008D58B6 /* Project object */ = {
			isa = PBXProject;
			attributes = {
				LastSwiftUpdateCheck = 1140;
				LastUpgradeCheck = 1140;
				ORGANIZATIONNAME = "月亭邦正";
				TargetAttributes = {
					1F4DB394246D4616008D58B6 = {
						CreatedOnToolsVersion = 11.4.1;
					};
				};
			};
			buildConfigurationList = 1F4DB390246D4616008D58B6 /* Build configuration list for PBXProject "MyJanken" */;
			compatibilityVersion = "Xcode 9.3";
			developmentRegion = en;
			hasScannedForEncodings = 0;
			knownRegions = (
				en,
				Base,
			);
			mainGroup = 1F4DB38C246D4616008D58B6;
			productRefGroup = 1F4DB396246D4616008D58B6 /* Products */;
			projectDirPath = "";
			projectRoot = "";
			targets = (
				1F4DB394246D4616008D58B6 /* MyJanken */,
			);
		};
/* End PBXProject section */

/* Begin PBXResourcesBuildPhase section */
		1F4DB393246D4616008D58B6 /* Resources */ = {
			isa = PBXResourcesBuildPhase;
			buildActionMask = 2147483647;
			files = (
				1F4DB3DD246D732C008D58B6 /* choki.png in Resources */,
				1F4DB3DC246D732C008D58B6 /* pa.png in Resources */,
				1F4DB3A5246D4617008D58B6 /* LaunchScreen.storyboard in Resources */,
				1F4DB3DB246D732C008D58B6 /* gu.png in Resources */,
				1F4DB3A2246D4617008D58B6 /* Assets.xcassets in Resources */,
				1F4DB3A0246D4616008D58B6 /* Main.storyboard in Resources */,
			);
			runOnlyForDeploymentPostprocessing = 0;
		};
/* End PBXResourcesBuildPhase section */

/* Begin PBXSourcesBuildPhase section */
		1F4DB391246D4616008D58B6 /* Sources */ = {
			isa = PBXSourcesBuildPhase;
			buildActionMask = 2147483647;
			files = (
				1F4DB39D246D4616008D58B6 /* ViewController.swift in Sources */,
				1F4DB399246D4616008D58B6 /* AppDelegate.swift in Sources */,
				1F4DB39B246D4616008D58B6 /* SceneDelegate.swift in Sources */,
			);
			runOnlyForDeploymentPostprocessing = 0;
		};
/* End PBXSourcesBuildPhase section */

/* Begin PBXVariantGroup section */
		1F4DB39E246D4616008D58B6 /* Main.storyboard */ = {
			isa = PBXVariantGroup;
			children = (
				1F4DB39F246D4616008D58B6 /* Base */,
			);
			name = Main.storyboard;
			sourceTree = "<group>";
		};
		1F4DB3A3246D4617008D58B6 /* LaunchScreen.storyboard */ = {
			isa = PBXVariantGroup;
			children = (
				1F4DB3A4246D4617008D58B6 /* Base */,
			);
			name = LaunchScreen.storyboard;
			sourceTree = "<group>";
		};
/* End PBXVariantGroup section */

/* Begin XCBuildConfiguration section */
		1F4DB3A7246D4617008D58B6 /* Debug */ = {
			isa = XCBuildConfiguration;
			buildSettings = {
				ALWAYS_SEARCH_USER_PATHS = NO;
				CLANG_ANALYZER_NONNULL = YES;
				CLANG_ANALYZER_NUMBER_OBJECT_CONVERSION = YES_AGGRESSIVE;
				CLANG_CXX_LANGUAGE_STANDARD = "gnu++14";
				CLANG_CXX_LIBRARY = "libc++";
				CLANG_ENABLE_MODULES = YES;
				CLANG_ENABLE_OBJC_ARC = YES;
				CLANG_ENABLE_OBJC_WEAK = YES;
				CLANG_WARN_BLOCK_CAPTURE_AUTORELEASING = YES;
				CLANG_WARN_BOOL_CONVERSION = YES;
				CLANG_WARN_COMMA = YES;
				CLANG_WARN_CONSTANT_CONVERSION = YES;
				CLANG_WARN_DEPRECATED_OBJC_IMPLEMENTATIONS = YES;
				CLANG_WARN_DIRECT_OBJC_ISA_USAGE = YES_ERROR;
				CLANG_WARN_DOCUMENTATION_COMMENTS = YES;
				CLANG_WARN_EMPTY_BODY = YES;
				CLANG_WARN_ENUM_CONVERSION = YES;
				CLANG_WARN_INFINITE_RECURSION = YES;
				CLANG_WARN_INT_CONVERSION = YES;
				CLANG_WARN_NON_LITERAL_NULL_CONVERSION = YES;
				CLANG_WARN_OBJC_IMPLICIT_RETAIN_SELF = YES;
				CLANG_WARN_OBJC_LITERAL_CONVERSION = YES;
				CLANG_WARN_OBJC_ROOT_CLASS = YES_ERROR;
				CLANG_WARN_RANGE_LOOP_ANALYSIS = YES;
				CLANG_WARN_STRICT_PROTOTYPES = YES;
				CLANG_WARN_SUSPICIOUS_MOVE = YES;
				CLANG_WARN_UNGUARDED_AVAILABILITY = YES_AGGRESSIVE;
				CLANG_WARN_UNREACHABLE_CODE = YES;
				CLANG_WARN__DUPLICATE_METHOD_MATCH = YES;
				COPY_PHASE_STRIP = NO;
				DEBUG_INFORMATION_FORMAT = dwarf;
				ENABLE_STRICT_OBJC_MSGSEND = YES;
				ENABLE_TESTABILITY = YES;
				GCC_C_LANGUAGE_STANDARD = gnu11;
				GCC_DYNAMIC_NO_PIC = NO;
				GCC_NO_COMMON_BLOCKS = YES;
				GCC_OPTIMIZATION_LEVEL = 0;
				GCC_PREPROCESSOR_DEFINITIONS = (
					"DEBUG=1",
					"$(inherited)",
				);
				GCC_WARN_64_TO_32_BIT_CONVERSION = YES;
				GCC_WARN_ABOUT_RETURN_TYPE = YES_ERROR;
				GCC_WARN_UNDECLARED_SELECTOR = YES;
				GCC_WARN_UNINITIALIZED_AUTOS = YES_AGGRESSIVE;
				GCC_WARN_UNUSED_FUNCTION = YES;
				GCC_WARN_UNUSED_VARIABLE = YES;
				IPHONEOS_DEPLOYMENT_TARGET = 13.4;
				MTL_ENABLE_DEBUG_INFO = INCLUDE_SOURCE;
				MTL_FAST_MATH = YES;
				ONLY_ACTIVE_ARCH = YES;
				SDKROOT = iphoneos;
				SWIFT_ACTIVE_COMPILATION_CONDITIONS = DEBUG;
				SWIFT_OPTIMIZATION_LEVEL = "-Onone";
			};
			name = Debug;
		};
		1F4DB3A8246D4617008D58B6 /* Release */ = {
			isa = XCBuildConfiguration;
			buildSettings = {
				ALWAYS_SEARCH_USER_PATHS = NO;
				CLANG_ANALYZER_NONNULL = YES;
				CLANG_ANALYZER_NUMBER_OBJECT_CONVERSION = YES_AGGRESSIVE;
				CLANG_CXX_LANGUAGE_STANDARD = "gnu++14";
				CLANG_CXX_LIBRARY = "libc++";
				CLANG_ENABLE_MODULES = YES;
				CLANG_ENABLE_OBJC_ARC = YES;
				CLANG_ENABLE_OBJC_WEAK = YES;
				CLANG_WARN_BLOCK_CAPTURE_AUTORELEASING = YES;
				CLANG_WARN_BOOL_CONVERSION = YES;
				CLANG_WARN_COMMA = YES;
				CLANG_WARN_CONSTANT_CONVERSION = YES;
				CLANG_WARN_DEPRECATED_OBJC_IMPLEMENTATIONS = YES;
				CLANG_WARN_DIRECT_OBJC_ISA_USAGE = YES_ERROR;
				CLANG_WARN_DOCUMENTATION_COMMENTS = YES;
				CLANG_WARN_EMPTY_BODY = YES;
				CLANG_WARN_ENUM_CONVERSION = YES;
				CLANG_WARN_INFINITE_RECURSION = YES;
				CLANG_WARN_INT_CONVERSION = YES;
				CLANG_WARN_NON_LITERAL_NULL_CONVERSION = YES;
				CLANG_WARN_OBJC_IMPLICIT_RETAIN_SELF = YES;
				CLANG_WARN_OBJC_LITERAL_CONVERSION = YES;
				CLANG_WARN_OBJC_ROOT_CLASS = YES_ERROR;
				CLANG_WARN_RANGE_LOOP_ANALYSIS = YES;
				CLANG_WARN_STRICT_PROTOTYPES = YES;
				CLANG_WARN_SUSPICIOUS_MOVE = YES;
				CLANG_WARN_UNGUARDED_AVAILABILITY = YES_AGGRESSIVE;
				CLANG_WARN_UNREACHABLE_CODE = YES;
				CLANG_WARN__DUPLICATE_METHOD_MATCH = YES;
				COPY_PHASE_STRIP = NO;
				DEBUG_INFORMATION_FORMAT = "dwarf-with-dsym";
				ENABLE_NS_ASSERTIONS = NO;
				ENABLE_STRICT_OBJC_MSGSEND = YES;
				GCC_C_LANGUAGE_STANDARD = gnu11;
				GCC_NO_COMMON_BLOCKS = YES;
				GCC_WARN_64_TO_32_BIT_CONVERSION = YES;
				GCC_WARN_ABOUT_RETURN_TYPE = YES_ERROR;
				GCC_WARN_UNDECLARED_SELECTOR = YES;
				GCC_WARN_UNINITIALIZED_AUTOS = YES_AGGRESSIVE;
				GCC_WARN_UNUSED_FUNCTION = YES;
				GCC_WARN_UNUSED_VARIABLE = YES;
				IPHONEOS_DEPLOYMENT_TARGET = 13.4;
				MTL_ENABLE_DEBUG_INFO = NO;
				MTL_FAST_MATH = YES;
				SDKROOT = iphoneos;
				SWIFT_COMPILATION_MODE = wholemodule;
				SWIFT_OPTIMIZATION_LEVEL = "-O";
				VALIDATE_PRODUCT = YES;
			};
			name = Release;
		};
		1F4DB3AA246D4617008D58B6 /* Debug */ = {
			isa = XCBuildConfiguration;
			buildSettings = {
				ASSETCATALOG_COMPILER_APPICON_NAME = AppIcon;
				CODE_SIGN_STYLE = Automatic;
				INFOPLIST_FILE = MyJanken/Info.plist;
				LD_RUNPATH_SEARCH_PATHS = (
					"$(inherited)",
					"@executable_path/Frameworks",
				);
				PRODUCT_BUNDLE_IDENTIFIER = net.sample.Myfirst.MyJanken;
				PRODUCT_NAME = "$(TARGET_NAME)";
				SWIFT_VERSION = 5.0;
				TARGETED_DEVICE_FAMILY = "1,2";
			};
			name = Debug;
		};
		1F4DB3AB246D4617008D58B6 /* Release */ = {
			isa = XCBuildConfiguration;
			buildSettings = {
				ASSETCATALOG_COMPILER_APPICON_NAME = AppIcon;
				CODE_SIGN_STYLE = Automatic;
				INFOPLIST_FILE = MyJanken/Info.plist;
				LD_RUNPATH_SEARCH_PATHS = (
					"$(inherited)",
					"@executable_path/Frameworks",
				);
				PRODUCT_BUNDLE_IDENTIFIER = net.sample.Myfirst.MyJanken;
				PRODUCT_NAME = "$(TARGET_NAME)";
				SWIFT_VERSION = 5.0;
				TARGETED_DEVICE_FAMILY = "1,2";
			};
			name = Release;
		};
/* End XCBuildConfiguration section */

/* Begin XCConfigurationList section */
		1F4DB390246D4616008D58B6 /* Build configuration list for PBXProject "MyJanken" */ = {
			isa = XCConfigurationList;
			buildConfigurations = (
				1F4DB3A7246D4617008D58B6 /* Debug */,
				1F4DB3A8246D4617008D58B6 /* Release */,
			);
			defaultConfigurationIsVisible = 0;
			defaultConfigurationName = Release;
		};
		1F4DB3A9246D4617008D58B6 /* Build configuration list for PBXNativeTarget "MyJanken" */ = {
			isa = XCConfigurationList;
			buildConfigurations = (
				1F4DB3AA246D4617008D58B6 /* Debug */,
				1F4DB3AB246D4617008D58B6 /* Release */,
			);
			defaultConfigurationIsVisible = 0;
			defaultConfigurationName = Release;
		};
/* End XCConfigurationList section */
	};
	rootObject = 1F4DB38D246D4616008D58B6 /* Project object */;
}
